
Microsoft Visual Studio Solution File, Format Version 12.00
# Visual Studio Version 16
VisualStudioVersion = 16.0.30011.22
MinimumVisualStudioVersion = 10.0.40219.1
Project("{FAE04EC0-301F-11D3-BF4B-00C04F79EFBC}") = "RestSampleNew", "RestSample\RestSampleNew.csproj", "{72389E87-E790-4730-BD29-1E2B44C6AC1A}"
EndProject
Project("{FAE04EC0-301F-11D3-BF4B-00C04F79EFBC}") = "RestSample.Logic", "RestSample.Logic\RestSample.Logic.csproj", "{E7C8A2BB-B192-43C2-A26C-5861A8500955}"
EndProject
Project("{FAE04EC0-301F-11D3-BF4B-00C04F79EFBC}") = "RestSample.Data", "RestSample.Data\RestSample.Data.csproj", "{65DEE0BE-0ECC-4C9B-BD0D-8F6E9B48700C}"
EndProject
Global
	GlobalSection(SolutionConfigurationPlatforms) = preSolution
		Debug|Any CPU = Debug|Any CPU
		Release|Any CPU = Release|Any CPU
	EndGlobalSection
	GlobalSection(ProjectConfigurationPlatforms) = postSolution
		{72389E87-E790-4730-BD29-1E2B44C6AC1A}.Debug|Any CPU.ActiveCfg = Debug|Any CPU
		{72389E87-E790-4730-BD29-1E2B44C6AC1A}.Debug|Any CPU.Build.0 = Debug|Any CPU
		{72389E87-E790-4730-BD29-1E2B44C6AC1A}.Release|Any CPU.ActiveCfg = Release|Any CPU
		{72389E87-E790-4730-BD29-1E2B44C6AC1A}.Release|Any CPU.Build.0 = Release|Any CPU
		{E7C8A2BB-B192-43C2-A26C-5861A8500955}.Debug|Any CPU.ActiveCfg = Debug|Any CPU
		{E7C8A2BB-B192-43C2-A26C-5861A8500955}.Debug|Any CPU.Build.0 = Debug|Any CPU
		{E7C8A2BB-B192-43C2-A26C-5861A8500955}.Release|Any CPU.ActiveCfg = Release|Any CPU
		{E7C8A2BB-B192-43C2-A26C-5861A8500955}.Release|Any CPU.Build.0 = Release|Any CPU
		{65DEE0BE-0ECC-4C9B-BD0D-8F6E9B48700C}.Debug|Any CPU.ActiveCfg = Debug|Any CPU
		{65DEE0BE-0ECC-4C9B-BD0D-8F6E9B48700C}.Debug|Any CPU.Build.0 = Debug|Any CPU
		{65DEE0BE-0ECC-4C9B-BD0D-8F6E9B48700C}.Release|Any CPU.ActiveCfg = Release|Any CPU
		{65DEE0BE-0ECC-4C9B-BD0D-8F6E9B48700C}.Release|Any CPU.Build.0 = Release|Any CPU
	EndGlobalSection
	GlobalSection(SolutionProperties) = preSolution
		HideSolutionNode = FALSE
	EndGlobalSection
	GlobalSection(ExtensibilityGlobals) = postSolution
		SolutionGuid = {1D5C657A-F30A-4E1D-8AEA-60249C43DC7D}
	EndGlobalSection
EndGlobal
